
Microsoft Visual Studio Solution File, Format Version 12.00
# Visual Studio Version 17
VisualStudioVersion = 17.8.34601.278
MinimumVisualStudioVersion = 10.0.40219.1
Project("{FAE04EC0-301F-11D3-BF4B-00C04F79EFBC}") = "apipostman", "apipostman\apipostman.csproj", "{90B227BD-4E48-4F04-8FE7-394425CB275B}"
EndProject
Global
	GlobalSection(SolutionConfigurationPlatforms) = preSolution
		Debug|Any CPU = Debug|Any CPU
		Release|Any CPU = Release|Any CPU
	EndGlobalSection
	GlobalSection(ProjectConfigurationPlatforms) = postSolution
		{90B227BD-4E48-4F04-8FE7-394425CB275B}.Debug|Any CPU.ActiveCfg = Debug|Any CPU
		{90B227BD-4E48-4F04-8FE7-394425CB275B}.Debug|Any CPU.Build.0 = Debug|Any CPU
		{90B227BD-4E48-4F04-8FE7-394425CB275B}.Release|Any CPU.ActiveCfg = Release|Any CPU
		{90B227BD-4E48-4F04-8FE7-394425CB275B}.Release|Any CPU.Build.0 = Release|Any CPU
	EndGlobalSection
	GlobalSection(SolutionProperties) = preSolution
		HideSolutionNode = FALSE
	EndGlobalSection
	GlobalSection(ExtensibilityGlobals) = postSolution
		SolutionGuid = {D99B3661-1177-4B8A-8F33-3551B981CD9C}
	EndGlobalSection
EndGlobal
